
Microsoft Visual Studio Solution File, Format Version 12.00
# Visual Studio Version 17
VisualStudioVersion = 17.8.34525.116
MinimumVisualStudioVersion = 10.0.40219.1
Project("{9A19103F-16F7-4668-BE54-9A1E7A4F7556}") = "ServerHTTP", "ServerHTTP\ServerHTTP.csproj", "{74B8EF82-D078-4916-B7FE-4C1C83B94F9B}"
EndProject
Project("{FAE04EC0-301F-11D3-BF4B-00C04F79EFBC}") = "ClientHTTP", "ClientHTTP\ClientHTTP.csproj", "{B842BAB3-4BF8-4C40-97E3-F19B67DD5C0E}"
EndProject
Global
	GlobalSection(SolutionConfigurationPlatforms) = preSolution
		Debug|Any CPU = Debug|Any CPU
		Release|Any CPU = Release|Any CPU
	EndGlobalSection
	GlobalSection(ProjectConfigurationPlatforms) = postSolution
		{74B8EF82-D078-4916-B7FE-4C1C83B94F9B}.Debug|Any CPU.ActiveCfg = Debug|Any CPU
		{74B8EF82-D078-4916-B7FE-4C1C83B94F9B}.Debug|Any CPU.Build.0 = Debug|Any CPU
		{74B8EF82-D078-4916-B7FE-4C1C83B94F9B}.Release|Any CPU.ActiveCfg = Release|Any CPU
		{74B8EF82-D078-4916-B7FE-4C1C83B94F9B}.Release|Any CPU.Build.0 = Release|Any CPU
		{B842BAB3-4BF8-4C40-97E3-F19B67DD5C0E}.Debug|Any CPU.ActiveCfg = Debug|Any CPU
		{B842BAB3-4BF8-4C40-97E3-F19B67DD5C0E}.Debug|Any CPU.Build.0 = Debug|Any CPU
		{B842BAB3-4BF8-4C40-97E3-F19B67DD5C0E}.Release|Any CPU.ActiveCfg = Release|Any CPU
		{B842BAB3-4BF8-4C40-97E3-F19B67DD5C0E}.Release|Any CPU.Build.0 = Release|Any CPU
	EndGlobalSection
	GlobalSection(SolutionProperties) = preSolution
		HideSolutionNode = FALSE
	EndGlobalSection
	GlobalSection(ExtensibilityGlobals) = postSolution
		SolutionGuid = {2171BBC4-740D-40A8-BA09-37EC2F6CA5B2}
	EndGlobalSection
EndGlobal
